
Microsoft Visual Studio Solution File, Format Version 12.00
# Visual Studio Version 16
VisualStudioVersion = 16.0.29215.179
MinimumVisualStudioVersion = 10.0.40219.1
Project("{FAE04EC0-301F-11D3-BF4B-00C04F79EFBC}") = "ProductManager", "ProductManager\ProductManager.csproj", "{46D52E43-7F42-4CA6-BF29-1DD5561248FA}"
EndProject
Global
	GlobalSection(SolutionConfigurationPlatforms) = preSolution
		Debug|Any CPU = Debug|Any CPU
		Release|Any CPU = Release|Any CPU
	EndGlobalSection
	GlobalSection(ProjectConfigurationPlatforms) = postSolution
		{46D52E43-7F42-4CA6-BF29-1DD5561248FA}.Debug|Any CPU.ActiveCfg = Debug|Any CPU
		{46D52E43-7F42-4CA6-BF29-1DD5561248FA}.Debug|Any CPU.Build.0 = Debug|Any CPU
		{46D52E43-7F42-4CA6-BF29-1DD5561248FA}.Release|Any CPU.ActiveCfg = Release|Any CPU
		{46D52E43-7F42-4CA6-BF29-1DD5561248FA}.Release|Any CPU.Build.0 = Release|Any CPU
	EndGlobalSection
	GlobalSection(SolutionProperties) = preSolution
		HideSolutionNode = FALSE
	EndGlobalSection
	GlobalSection(ExtensibilityGlobals) = postSolution
		SolutionGuid = {69F8D650-FDCD-4808-ABCB-38FF9E2529E4}
	EndGlobalSection
EndGlobal
