
Microsoft Visual Studio Solution File, Format Version 12.00
# Visual Studio Version 16
VisualStudioVersion = 16.0.29215.179
MinimumVisualStudioVersion = 10.0.40219.1
Project("{FAE04EC0-301F-11D3-BF4B-00C04F79EFBC}") = "TableofPowers", "TableofPowers\TableofPowers.csproj", "{94F0B3BC-6184-4A2D-8092-73AA8E0BFF4C}"
EndProject
Global
	GlobalSection(SolutionConfigurationPlatforms) = preSolution
		Debug|Any CPU = Debug|Any CPU
		Release|Any CPU = Release|Any CPU
	EndGlobalSection
	GlobalSection(ProjectConfigurationPlatforms) = postSolution
		{94F0B3BC-6184-4A2D-8092-73AA8E0BFF4C}.Debug|Any CPU.ActiveCfg = Debug|Any CPU
		{94F0B3BC-6184-4A2D-8092-73AA8E0BFF4C}.Debug|Any CPU.Build.0 = Debug|Any CPU
		{94F0B3BC-6184-4A2D-8092-73AA8E0BFF4C}.Release|Any CPU.ActiveCfg = Release|Any CPU
		{94F0B3BC-6184-4A2D-8092-73AA8E0BFF4C}.Release|Any CPU.Build.0 = Release|Any CPU
	EndGlobalSection
	GlobalSection(SolutionProperties) = preSolution
		HideSolutionNode = FALSE
	EndGlobalSection
	GlobalSection(ExtensibilityGlobals) = postSolution
		SolutionGuid = {DAB2E73A-3172-4D32-8810-8E5248B18BE1}
	EndGlobalSection
EndGlobal
