
Microsoft Visual Studio Solution File, Format Version 12.00
# Visual Studio Version 16
VisualStudioVersion = 16.0.29215.179
MinimumVisualStudioVersion = 10.0.40219.1
Project("{FAE04EC0-301F-11D3-BF4B-00C04F79EFBC}") = "Day1Demos", "Day1Demos\Day1Demos.csproj", "{F1E8FD4B-637A-4E0C-A212-F20E80B1FFCF}"
EndProject
Global
	GlobalSection(SolutionConfigurationPlatforms) = preSolution
		Debug|Any CPU = Debug|Any CPU
		Release|Any CPU = Release|Any CPU
	EndGlobalSection
	GlobalSection(ProjectConfigurationPlatforms) = postSolution
		{F1E8FD4B-637A-4E0C-A212-F20E80B1FFCF}.Debug|Any CPU.ActiveCfg = Debug|Any CPU
		{F1E8FD4B-637A-4E0C-A212-F20E80B1FFCF}.Debug|Any CPU.Build.0 = Debug|Any CPU
		{F1E8FD4B-637A-4E0C-A212-F20E80B1FFCF}.Release|Any CPU.ActiveCfg = Release|Any CPU
		{F1E8FD4B-637A-4E0C-A212-F20E80B1FFCF}.Release|Any CPU.Build.0 = Release|Any CPU
	EndGlobalSection
	GlobalSection(SolutionProperties) = preSolution
		HideSolutionNode = FALSE
	EndGlobalSection
	GlobalSection(ExtensibilityGlobals) = postSolution
		SolutionGuid = {D44392DF-050A-4C38-AB1B-A84E215EFDC6}
	EndGlobalSection
EndGlobal
